
Microsoft Visual Studio Solution File, Format Version 12.00
# Visual Studio Version 16
VisualStudioVersion = 16.0.31624.102
MinimumVisualStudioVersion = 10.0.40219.1
Project("{9A19103F-16F7-4668-BE54-9A1E7A4F7556}") = "PhNeutralizer", "PhNeutralizer\PhNeutralizer.csproj", "{074FB164-8F6B-444C-9E18-73422999135A}"
EndProject
Global
	GlobalSection(SolutionConfigurationPlatforms) = preSolution
		Debug|Any CPU = Debug|Any CPU
		Release|Any CPU = Release|Any CPU
	EndGlobalSection
	GlobalSection(ProjectConfigurationPlatforms) = postSolution
		{074FB164-8F6B-444C-9E18-73422999135A}.Debug|Any CPU.ActiveCfg = Debug|Any CPU
		{074FB164-8F6B-444C-9E18-73422999135A}.Debug|Any CPU.Build.0 = Debug|Any CPU
		{074FB164-8F6B-444C-9E18-73422999135A}.Release|Any CPU.ActiveCfg = Release|Any CPU
		{074FB164-8F6B-444C-9E18-73422999135A}.Release|Any CPU.Build.0 = Release|Any CPU
	EndGlobalSection
	GlobalSection(SolutionProperties) = preSolution
		HideSolutionNode = FALSE
	EndGlobalSection
	GlobalSection(ExtensibilityGlobals) = postSolution
		SolutionGuid = {04FB83C4-38BF-4951-ACE3-26059D2B09DF}
	EndGlobalSection
EndGlobal
